
Microsoft Visual Studio Solution File, Format Version 12.00
# Visual Studio Version 17
VisualStudioVersion = 17.11.35208.52
MinimumVisualStudioVersion = 10.0.40219.1
Project("{FAE04EC0-301F-11D3-BF4B-00C04F79EFBC}") = "ComplainBox", "WebApplication1\ComplainBox.csproj", "{A4589B54-85AD-4FFD-B4EB-40ACA8C66A29}"
EndProject
Global
	GlobalSection(SolutionConfigurationPlatforms) = preSolution
		Debug|Any CPU = Debug|Any CPU
		Release|Any CPU = Release|Any CPU
	EndGlobalSection
	GlobalSection(ProjectConfigurationPlatforms) = postSolution
		{A4589B54-85AD-4FFD-B4EB-40ACA8C66A29}.Debug|Any CPU.ActiveCfg = Debug|Any CPU
		{A4589B54-85AD-4FFD-B4EB-40ACA8C66A29}.Debug|Any CPU.Build.0 = Debug|Any CPU
		{A4589B54-85AD-4FFD-B4EB-40ACA8C66A29}.Release|Any CPU.ActiveCfg = Release|Any CPU
		{A4589B54-85AD-4FFD-B4EB-40ACA8C66A29}.Release|Any CPU.Build.0 = Release|Any CPU
	EndGlobalSection
	GlobalSection(SolutionProperties) = preSolution
		HideSolutionNode = FALSE
	EndGlobalSection
	GlobalSection(ExtensibilityGlobals) = postSolution
		SolutionGuid = {87050041-55D3-48FB-84B4-51735785CDCF}
	EndGlobalSection
EndGlobal
